{
  "name": "generative-music",
  "version": "1.0.0",
  "lockfileVersion": 2,
  "requires": true,
  "packages": {
    "": {
      "name": "generative-music",
      "version": "1.0.0",
      "license": "ISC",
      "dependencies": {
        "teoria": "^2.5.0",
        "tone": "^14.8.32"
      }
    },
    "node_modules/@babel/runtime": {
      "version": "7.16.3",
      "resolved": "https://registry.npmjs.org/@babel/runtime/-/runtime-7.16.3.tgz",
      "integrity": "sha512-WBwekcqacdY2e9AF/Q7WLFUWmdJGJTkbjqTjoMDgXkVZ3ZRUvOPsLb5KdwISoQVsbP+DQzVZW4Zhci0DvpbNTQ==",
      "dependencies": {
        "regenerator-runtime": "^0.13.4"
      },
      "engines": {
        "node": ">=6.9.0"
      }
    },
    "node_modules/accidental-value": {
      "version": "1.0.0",
      "resolved": "https://registry.npmjs.org/accidental-value/-/accidental-value-1.0.0.tgz",
      "integrity": "sha1-nQh1Oozl+KfgtJFXnvXB4BiJ6A8="
    },
    "node_modules/automation-events": {
      "version": "4.0.10",
      "resolved": "https://registry.npmjs.org/automation-events/-/automation-events-4.0.10.tgz",
      "integrity": "sha512-4K95JFAhehVkAVxY9EcOw0Gr3dkJsHC+/FzXefoLT4FgrFcI4ltnJEtHLQMZP4zCh6kcpPwD8ZUjVhIAEUjCug==",
      "dependencies": {
        "@babel/runtime": "^7.16.3",
        "tslib": "^2.3.1"
      },
      "engines": {
        "node": ">=12.20.1"
      }
    },
    "node_modules/daccord": {
      "version": "1.1.0",
      "resolved": "https://registry.npmjs.org/daccord/-/daccord-1.1.0.tgz",
      "integrity": "sha1-NvDzmrH1dfdwndl9Nv/m2It40bQ="
    },
    "node_modules/helmholtz": {
      "version": "2.0.2",
      "resolved": "https://registry.npmjs.org/helmholtz/-/helmholtz-2.0.2.tgz",
      "integrity": "sha1-VGMGIb2HV1sMK9kUcIenmo/jCBE=",
      "dependencies": {
        "accidental-value": "^1.0.0",
        "notecoord": "^1.0.1"
      }
    },
    "node_modules/interval-coords": {
      "version": "1.1.1",
      "resolved": "https://registry.npmjs.org/interval-coords/-/interval-coords-1.1.1.tgz",
      "integrity": "sha1-SoOkAhRtlaTbBiwSm3nLNKfs3ck="
    },
    "node_modules/notecoord": {
      "version": "1.1.0",
      "resolved": "https://registry.npmjs.org/notecoord/-/notecoord-1.1.0.tgz",
      "integrity": "sha1-icQqt7tXlqKfPH+t6YJcUJ2PHtE="
    },
    "node_modules/pitch-fq": {
      "version": "1.0.0",
      "resolved": "https://registry.npmjs.org/pitch-fq/-/pitch-fq-1.0.0.tgz",
      "integrity": "sha1-ZRs+iFL2W5VV86KPeulvEeNTNBY="
    },
    "node_modules/regenerator-runtime": {
      "version": "0.13.9",
      "resolved": "https://registry.npmjs.org/regenerator-runtime/-/regenerator-runtime-0.13.9.tgz",
      "integrity": "sha512-p3VT+cOEgxFsRRA9X4lkI1E+k2/CtnKtU4gcxyaCUreilL/vqI6CdZ3wxVUx3UOUg+gnUOQQcRI7BmSI656MYA=="
    },
    "node_modules/scientific-notation": {
      "version": "1.0.2",
      "resolved": "https://registry.npmjs.org/scientific-notation/-/scientific-notation-1.0.2.tgz",
      "integrity": "sha1-zOo5VP4ql502QcljrNmeVzNjkYI=",
      "dependencies": {
        "accidental-value": "^1.0.0",
        "notecoord": "^1.0.1"
      }
    },
    "node_modules/standardized-audio-context": {
      "version": "25.3.16",
      "resolved": "https://registry.npmjs.org/standardized-audio-context/-/standardized-audio-context-25.3.16.tgz",
      "integrity": "sha512-RlAi1+ezKnlAH7DIQd9aTthk0GQF/hVEbOY9HpuZhS0p+UQeeT0MmCcRGO6kvk4mWME83ICIRlvzSqHFvAfU/w==",
      "dependencies": {
        "@babel/runtime": "^7.16.3",
        "automation-events": "^4.0.10",
        "tslib": "^2.3.1"
      }
    },
    "node_modules/teoria": {
      "version": "2.5.0",
      "resolved": "https://registry.npmjs.org/teoria/-/teoria-2.5.0.tgz",
      "integrity": "sha512-LdnDG2PKkYAdBWGBgqZS3POuwq3Kzwj4PBR4PzEsEQ8T/tGqwEoa++SLDxSx7mvsfYA2VirfJWSXhMcpuhquaQ==",
      "dependencies": {
        "daccord": "^1.0.1",
        "helmholtz": "^2.0.1",
        "interval-coords": "^1.1.1",
        "pitch-fq": "^1.0.0",
        "scientific-notation": "^1.0.2"
      }
    },
    "node_modules/tone": {
      "version": "14.8.32",
      "resolved": "https://registry.npmjs.org/tone/-/tone-14.8.32.tgz",
      "integrity": "sha512-bt75xPc6RINdtsWvJTzBALi47XIzzz0hcmIoLXKimiN+1oz1jXxB4na8mKIWlynYIT64J6Xr/gVITRrUgkN+Gg==",
      "dependencies": {
        "standardized-audio-context": "^25.3.12",
        "tslib": "^2.0.1"
      }
    },
    "node_modules/tslib": {
      "version": "2.3.1",
      "resolved": "https://registry.npmjs.org/tslib/-/tslib-2.3.1.tgz",
      "integrity": "sha512-77EbyPPpMz+FRFRuAFlWMtmgUWGe9UOG2Z25NqCwiIjRhOf5iKGuzSe5P2w1laq+FkRy4p+PCuVkJSGkzTEKVw=="
    }
  },
  "dependencies": {
    "@babel/runtime": {
      "version": "7.16.3",
      "resolved": "https://registry.npmjs.org/@babel/runtime/-/runtime-7.16.3.tgz",
      "integrity": "sha512-WBwekcqacdY2e9AF/Q7WLFUWmdJGJTkbjqTjoMDgXkVZ3ZRUvOPsLb5KdwISoQVsbP+DQzVZW4Zhci0DvpbNTQ==",
      "requires": {
        "regenerator-runtime": "^0.13.4"
      }
    },
    "accidental-value": {
      "version": "1.0.0",
      "resolved": "https://registry.npmjs.org/accidental-value/-/accidental-value-1.0.0.tgz",
      "integrity": "sha1-nQh1Oozl+KfgtJFXnvXB4BiJ6A8="
    },
    "automation-events": {
      "version": "4.0.10",
      "resolved": "https://registry.npmjs.org/automation-events/-/automation-events-4.0.10.tgz",
      "integrity": "sha512-4K95JFAhehVkAVxY9EcOw0Gr3dkJsHC+/FzXefoLT4FgrFcI4ltnJEtHLQMZP4zCh6kcpPwD8ZUjVhIAEUjCug==",
      "requires": {
        "@babel/runtime": "^7.16.3",
        "tslib": "^2.3.1"
      }
    },
    "daccord": {
      "version": "1.1.0",
      "resolved": "https://registry.npmjs.org/daccord/-/daccord-1.1.0.tgz",
      "integrity": "sha1-NvDzmrH1dfdwndl9Nv/m2It40bQ="
    },
    "helmholtz": {
      "version": "2.0.2",
      "resolved": "https://registry.npmjs.org/helmholtz/-/helmholtz-2.0.2.tgz",
      "integrity": "sha1-VGMGIb2HV1sMK9kUcIenmo/jCBE=",
      "requires": {
        "accidental-value": "^1.0.0",
        "notecoord": "^1.0.1"
      }
    },
    "interval-coords": {
      "version": "1.1.1",
      "resolved": "https://registry.npmjs.org/interval-coords/-/interval-coords-1.1.1.tgz",
      "integrity": "sha1-SoOkAhRtlaTbBiwSm3nLNKfs3ck="
    },
    "notecoord": {
      "version": "1.1.0",
      "resolved": "https://registry.npmjs.org/notecoord/-/notecoord-1.1.0.tgz",
      "integrity": "sha1-icQqt7tXlqKfPH+t6YJcUJ2PHtE="
    },
    "pitch-fq": {
      "version": "1.0.0",
      "resolved": "https://registry.npmjs.org/pitch-fq/-/pitch-fq-1.0.0.tgz",
      "integrity": "sha1-ZRs+iFL2W5VV86KPeulvEeNTNBY="
    },
    "regenerator-runtime": {
      "version": "0.13.9",
      "resolved": "https://registry.npmjs.org/regenerator-runtime/-/regenerator-runtime-0.13.9.tgz",
      "integrity": "sha512-p3VT+cOEgxFsRRA9X4lkI1E+k2/CtnKtU4gcxyaCUreilL/vqI6CdZ3wxVUx3UOUg+gnUOQQcRI7BmSI656MYA=="
    },
    "scientific-notation": {
      "version": "1.0.2",
      "resolved": "https://registry.npmjs.org/scientific-notation/-/scientific-notation-1.0.2.tgz",
      "integrity": "sha1-zOo5VP4ql502QcljrNmeVzNjkYI=",
      "requires": {
        "accidental-value": "^1.0.0",
        "notecoord": "^1.0.1"
      }
    },
    "standardized-audio-context": {
      "version": "25.3.16",
      "resolved": "https://registry.npmjs.org/standardized-audio-context/-/standardized-audio-context-25.3.16.tgz",
      "integrity": "sha512-RlAi1+ezKnlAH7DIQd9aTthk0GQF/hVEbOY9HpuZhS0p+UQeeT0MmCcRGO6kvk4mWME83ICIRlvzSqHFvAfU/w==",
      "requires": {
        "@babel/runtime": "^7.16.3",
        "automation-events": "^4.0.10",
        "tslib": "^2.3.1"
      }
    },
    "teoria": {
      "version": "2.5.0",
      "resolved": "https://registry.npmjs.org/teoria/-/teoria-2.5.0.tgz",
      "integrity": "sha512-LdnDG2PKkYAdBWGBgqZS3POuwq3Kzwj4PBR4PzEsEQ8T/tGqwEoa++SLDxSx7mvsfYA2VirfJWSXhMcpuhquaQ==",
      "requires": {
        "daccord": "^1.0.1",
        "helmholtz": "^2.0.1",
        "interval-coords": "^1.1.1",
        "pitch-fq": "^1.0.0",
        "scientific-notation": "^1.0.2"
      }
    },
    "tone": {
      "version": "14.8.32",
      "resolved": "https://registry.npmjs.org/tone/-/tone-14.8.32.tgz",
      "integrity": "sha512-bt75xPc6RINdtsWvJTzBALi47XIzzz0hcmIoLXKimiN+1oz1jXxB4na8mKIWlynYIT64J6Xr/gVITRrUgkN+Gg==",
      "requires": {
        "standardized-audio-context": "^25.3.12",
        "tslib": "^2.0.1"
      }
    },
    "tslib": {
      "version": "2.3.1",
      "resolved": "https://registry.npmjs.org/tslib/-/tslib-2.3.1.tgz",
      "integrity": "sha512-77EbyPPpMz+FRFRuAFlWMtmgUWGe9UOG2Z25NqCwiIjRhOf5iKGuzSe5P2w1laq+FkRy4p+PCuVkJSGkzTEKVw=="
    }
  }
}
